
Microsoft Visual Studio Solution File, Format Version 12.00
# Visual Studio Version 17
VisualStudioVersion = 17.5.33530.505
MinimumVisualStudioVersion = 10.0.40219.1
Project("{FAE04EC0-301F-11D3-BF4B-00C04F79EFBC}") = "FastFoodManageFormApp", "FastFoodManageFormApp\FastFoodManageFormApp.csproj", "{6C0C076F-F953-4A40-B88F-AF832EF32DB8}"
EndProject
Global
	GlobalSection(SolutionConfigurationPlatforms) = preSolution
		Debug|Any CPU = Debug|Any CPU
		Release|Any CPU = Release|Any CPU
	EndGlobalSection
	GlobalSection(ProjectConfigurationPlatforms) = postSolution
		{6C0C076F-F953-4A40-B88F-AF832EF32DB8}.Debug|Any CPU.ActiveCfg = Debug|Any CPU
		{6C0C076F-F953-4A40-B88F-AF832EF32DB8}.Debug|Any CPU.Build.0 = Debug|Any CPU
		{6C0C076F-F953-4A40-B88F-AF832EF32DB8}.Release|Any CPU.ActiveCfg = Release|Any CPU
		{6C0C076F-F953-4A40-B88F-AF832EF32DB8}.Release|Any CPU.Build.0 = Release|Any CPU
	EndGlobalSection
	GlobalSection(SolutionProperties) = preSolution
		HideSolutionNode = FALSE
	EndGlobalSection
	GlobalSection(ExtensibilityGlobals) = postSolution
		SolutionGuid = {924C038E-E0ED-4F6F-B336-EE9258CF8CA0}
	EndGlobalSection
EndGlobal
